
Microsoft Visual Studio Solution File, Format Version 12.00
# Visual Studio Version 16
VisualStudioVersion = 16.0.32929.386
MinimumVisualStudioVersion = 10.0.40219.1
Project("{FAE04EC0-301F-11D3-BF4B-00C04F79EFBC}") = "INDEPENDENT WORK 23", "lab23\INDEPENDENT WORK 23.csproj", "{B56DE658-DF7A-4C7C-9D37-B2991D7AE82B}"
EndProject
Global
	GlobalSection(SolutionConfigurationPlatforms) = preSolution
		Debug|Any CPU = Debug|Any CPU
		Release|Any CPU = Release|Any CPU
	EndGlobalSection
	GlobalSection(ProjectConfigurationPlatforms) = postSolution
		{B56DE658-DF7A-4C7C-9D37-B2991D7AE82B}.Debug|Any CPU.ActiveCfg = Debug|Any CPU
		{B56DE658-DF7A-4C7C-9D37-B2991D7AE82B}.Debug|Any CPU.Build.0 = Debug|Any CPU
		{B56DE658-DF7A-4C7C-9D37-B2991D7AE82B}.Release|Any CPU.ActiveCfg = Release|Any CPU
		{B56DE658-DF7A-4C7C-9D37-B2991D7AE82B}.Release|Any CPU.Build.0 = Release|Any CPU
	EndGlobalSection
	GlobalSection(SolutionProperties) = preSolution
		HideSolutionNode = FALSE
	EndGlobalSection
	GlobalSection(ExtensibilityGlobals) = postSolution
		SolutionGuid = {E1C5A0CF-A6B0-4B68-B8A5-B74C319FEC86}
	EndGlobalSection
EndGlobal
